// !$*UTF8*$!
{
	archiveVersion = 1;
	classes = {
	};
	objectVersion = 56;
	objects = {

/* Begin PBXBuildFile section */
		3A3B7D332C50EFCF0085474F /* LittleJohnAppApp.swift in Sources */ = {isa = PBXBuildFile; fileRef = 3A3B7D322C50EFCF0085474F /* LittleJohnAppApp.swift */; };
		3A3B7D372C50EFD00085474F /* Assets.xcassets in Resources */ = {isa = PBXBuildFile; fileRef = 3A3B7D362C50EFD00085474F /* Assets.xcassets */; };
		3A3B7D3A2C50EFD00085474F /* Preview Assets.xcassets in Resources */ = {isa = PBXBuildFile; fileRef = 3A3B7D392C50EFD00085474F /* Preview Assets.xcassets */; };
		3A3B7D412C50EFFA0085474F /* SymbolListView.swift in Sources */ = {isa = PBXBuildFile; fileRef = 3A3B7D402C50EFFA0085474F /* SymbolListView.swift */; };
		3A3B7D442C50F07A0085474F /* TickerView.swift in Sources */ = {isa = PBXBuildFile; fileRef = 3A3B7D432C50F07A0085474F /* TickerView.swift */; };
		3A3B7D482C50F1C60085474F /* LittleJohnModel.swift in Sources */ = {isa = PBXBuildFile; fileRef = 3A3B7D472C50F1C60085474F /* LittleJohnModel.swift */; };
		3A3B7D4A2C50F2660085474F /* DataModels.swift in Sources */ = {isa = PBXBuildFile; fileRef = 3A3B7D492C50F2660085474F /* DataModels.swift */; };
		3A3B7D4C2C50F8DB0085474F /* SymbolRow.swift in Sources */ = {isa = PBXBuildFile; fileRef = 3A3B7D4B2C50F8DB0085474F /* SymbolRow.swift */; };
		3A3B7D4E2C50FA050085474F /* Header.swift in Sources */ = {isa = PBXBuildFile; fileRef = 3A3B7D4D2C50FA050085474F /* Header.swift */; };
/* End PBXBuildFile section */

/* Begin PBXFileReference section */
		3A3B7D2F2C50EFCF0085474F /* LittleJohnApp.app */ = {isa = PBXFileReference; explicitFileType = wrapper.application; includeInIndex = 0; path = LittleJohnApp.app; sourceTree = BUILT_PRODUCTS_DIR; };
		3A3B7D322C50EFCF0085474F /* LittleJohnAppApp.swift */ = {isa = PBXFileReference; lastKnownFileType = sourcecode.swift; path = LittleJohnAppApp.swift; sourceTree = "<group>"; };
		3A3B7D362C50EFD00085474F /* Assets.xcassets */ = {isa = PBXFileReference; lastKnownFileType = folder.assetcatalog; path = Assets.xcassets; sourceTree = "<group>"; };
		3A3B7D392C50EFD00085474F /* Preview Assets.xcassets */ = {isa = PBXFileReference; lastKnownFileType = folder.assetcatalog; path = "Preview Assets.xcassets"; sourceTree = "<group>"; };
		3A3B7D402C50EFFA0085474F /* SymbolListView.swift */ = {isa = PBXFileReference; lastKnownFileType = sourcecode.swift; path = SymbolListView.swift; sourceTree = "<group>"; };
		3A3B7D432C50F07A0085474F /* TickerView.swift */ = {isa = PBXFileReference; lastKnownFileType = sourcecode.swift; path = TickerView.swift; sourceTree = "<group>"; };
		3A3B7D472C50F1C60085474F /* LittleJohnModel.swift */ = {isa = PBXFileReference; lastKnownFileType = sourcecode.swift; path = LittleJohnModel.swift; sourceTree = "<group>"; };
		3A3B7D492C50F2660085474F /* DataModels.swift */ = {isa = PBXFileReference; lastKnownFileType = sourcecode.swift; path = DataModels.swift; sourceTree = "<group>"; };
		3A3B7D4B2C50F8DB0085474F /* SymbolRow.swift */ = {isa = PBXFileReference; lastKnownFileType = sourcecode.swift; path = SymbolRow.swift; sourceTree = "<group>"; };
		3A3B7D4D2C50FA050085474F /* Header.swift */ = {isa = PBXFileReference; lastKnownFileType = sourcecode.swift; path = Header.swift; sourceTree = "<group>"; };
		3AB36B072C51FE8500DB3CFF /* Info.plist */ = {isa = PBXFileReference; lastKnownFileType = text.plist; path = Info.plist; sourceTree = "<group>"; };
		3AB36B082C51FEBA00DB3CFF /* LittleJohnApp.entitlements */ = {isa = PBXFileReference; lastKnownFileType = text.plist.entitlements; path = LittleJohnApp.entitlements; sourceTree = "<group>"; };
/* End PBXFileReference section */

/* Begin PBXFrameworksBuildPhase section */
		3A3B7D2C2C50EFCF0085474F /* Frameworks */ = {
			isa = PBXFrameworksBuildPhase;
			buildActionMask = 2147483647;
			files = (
			);
			runOnlyForDeploymentPostprocessing = 0;
		};
/* End PBXFrameworksBuildPhase section */

/* Begin PBXGroup section */
		3A3B7D262C50EFCF0085474F = {
			isa = PBXGroup;
			children = (
				3A3B7D312C50EFCF0085474F /* LittleJohnApp */,
				3A3B7D302C50EFCF0085474F /* Products */,
			);
			sourceTree = "<group>";
		};
		3A3B7D302C50EFCF0085474F /* Products */ = {
			isa = PBXGroup;
			children = (
				3A3B7D2F2C50EFCF0085474F /* LittleJohnApp.app */,
			);
			name = Products;
			sourceTree = "<group>";
		};
		3A3B7D312C50EFCF0085474F /* LittleJohnApp */ = {
			isa = PBXGroup;
			children = (
				3AB36B082C51FEBA00DB3CFF /* LittleJohnApp.entitlements */,
				3AB36B072C51FE8500DB3CFF /* Info.plist */,
				3A3B7D462C50F1A70085474F /* Model */,
				3A3B7D452C50F1700085474F /* Assets */,
				3A3B7D422C50F00B0085474F /* Views */,
				3A3B7D382C50EFD00085474F /* Preview Content */,
				3A3B7D322C50EFCF0085474F /* LittleJohnAppApp.swift */,
				3A3B7D402C50EFFA0085474F /* SymbolListView.swift */,
				3A3B7D432C50F07A0085474F /* TickerView.swift */,
			);
			path = LittleJohnApp;
			sourceTree = "<group>";
		};
		3A3B7D382C50EFD00085474F /* Preview Content */ = {
			isa = PBXGroup;
			children = (
				3A3B7D392C50EFD00085474F /* Preview Assets.xcassets */,
			);
			path = "Preview Content";
			sourceTree = "<group>";
		};
		3A3B7D422C50F00B0085474F /* Views */ = {
			isa = PBXGroup;
			children = (
				3A3B7D4B2C50F8DB0085474F /* SymbolRow.swift */,
				3A3B7D4D2C50FA050085474F /* Header.swift */,
			);
			path = Views;
			sourceTree = "<group>";
		};
		3A3B7D452C50F1700085474F /* Assets */ = {
			isa = PBXGroup;
			children = (
				3A3B7D362C50EFD00085474F /* Assets.xcassets */,
			);
			path = Assets;
			sourceTree = "<group>";
		};
		3A3B7D462C50F1A70085474F /* Model */ = {
			isa = PBXGroup;
			children = (
				3A3B7D472C50F1C60085474F /* LittleJohnModel.swift */,
				3A3B7D492C50F2660085474F /* DataModels.swift */,
			);
			path = Model;
			sourceTree = "<group>";
		};
/* End PBXGroup section */

/* Begin PBXNativeTarget section */
		3A3B7D2E2C50EFCF0085474F /* LittleJohnApp */ = {
			isa = PBXNativeTarget;
			buildConfigurationList = 3A3B7D3D2C50EFD00085474F /* Build configuration list for PBXNativeTarget "LittleJohnApp" */;
			buildPhases = (
				3A3B7D2B2C50EFCF0085474F /* Sources */,
				3A3B7D2C2C50EFCF0085474F /* Frameworks */,
				3A3B7D2D2C50EFCF0085474F /* Resources */,
			);
			buildRules = (
			);
			dependencies = (
			);
			name = LittleJohnApp;
			productName = LittleJohnApp;
			productReference = 3A3B7D2F2C50EFCF0085474F /* LittleJohnApp.app */;
			productType = "com.apple.product-type.application";
		};
/* End PBXNativeTarget section */

/* Begin PBXProject section */
		3A3B7D272C50EFCF0085474F /* Project object */ = {
			isa = PBXProject;
			attributes = {
				BuildIndependentTargetsInParallel = 1;
				LastSwiftUpdateCheck = 1530;
				LastUpgradeCheck = 1530;
				TargetAttributes = {
					3A3B7D2E2C50EFCF0085474F = {
						CreatedOnToolsVersion = 15.3;
					};
				};
			};
			buildConfigurationList = 3A3B7D2A2C50EFCF0085474F /* Build configuration list for PBXProject "LittleJohnApp" */;
			compatibilityVersion = "Xcode 14.0";
			developmentRegion = en;
			hasScannedForEncodings = 0;
			knownRegions = (
				en,
				Base,
			);
			mainGroup = 3A3B7D262C50EFCF0085474F;
			productRefGroup = 3A3B7D302C50EFCF0085474F /* Products */;
			projectDirPath = "";
			projectRoot = "";
			targets = (
				3A3B7D2E2C50EFCF0085474F /* LittleJohnApp */,
			);
		};
/* End PBXProject section */

/* Begin PBXResourcesBuildPhase section */
		3A3B7D2D2C50EFCF0085474F /* Resources */ = {
			isa = PBXResourcesBuildPhase;
			buildActionMask = 2147483647;
			files = (
				3A3B7D3A2C50EFD00085474F /* Preview Assets.xcassets in Resources */,
				3A3B7D372C50EFD00085474F /* Assets.xcassets in Resources */,
			);
			runOnlyForDeploymentPostprocessing = 0;
		};
/* End PBXResourcesBuildPhase section */

/* Begin PBXSourcesBuildPhase section */
		3A3B7D2B2C50EFCF0085474F /* Sources */ = {
			isa = PBXSourcesBuildPhase;
			buildActionMask = 2147483647;
			files = (
				3A3B7D332C50EFCF0085474F /* LittleJohnAppApp.swift in Sources */,
				3A3B7D412C50EFFA0085474F /* SymbolListView.swift in Sources */,
				3A3B7D4A2C50F2660085474F /* DataModels.swift in Sources */,
				3A3B7D4E2C50FA050085474F /* Header.swift in Sources */,
				3A3B7D482C50F1C60085474F /* LittleJohnModel.swift in Sources */,
				3A3B7D4C2C50F8DB0085474F /* SymbolRow.swift in Sources */,
				3A3B7D442C50F07A0085474F /* TickerView.swift in Sources */,
			);
			runOnlyForDeploymentPostprocessing = 0;
		};
/* End PBXSourcesBuildPhase section */

/* Begin XCBuildConfiguration section */
		3A3B7D3B2C50EFD00085474F /* Debug */ = {
			isa = XCBuildConfiguration;
			buildSettings = {
				ALWAYS_SEARCH_USER_PATHS = NO;
				ASSETCATALOG_COMPILER_GENERATE_SWIFT_ASSET_SYMBOL_EXTENSIONS = YES;
				CLANG_ANALYZER_NONNULL = YES;
				CLANG_ANALYZER_NUMBER_OBJECT_CONVERSION = YES_AGGRESSIVE;
				CLANG_CXX_LANGUAGE_STANDARD = "gnu++20";
				CLANG_ENABLE_MODULES = YES;
				CLANG_ENABLE_OBJC_ARC = YES;
				CLANG_ENABLE_OBJC_WEAK = YES;
				CLANG_WARN_BLOCK_CAPTURE_AUTORELEASING = YES;
				CLANG_WARN_BOOL_CONVERSION = YES;
				CLANG_WARN_COMMA = YES;
				CLANG_WARN_CONSTANT_CONVERSION = YES;
				CLANG_WARN_DEPRECATED_OBJC_IMPLEMENTATIONS = YES;
				CLANG_WARN_DIRECT_OBJC_ISA_USAGE = YES_ERROR;
				CLANG_WARN_DOCUMENTATION_COMMENTS = YES;
				CLANG_WARN_EMPTY_BODY = YES;
				CLANG_WARN_ENUM_CONVERSION = YES;
				CLANG_WARN_INFINITE_RECURSION = YES;
				CLANG_WARN_INT_CONVERSION = YES;
				CLANG_WARN_NON_LITERAL_NULL_CONVERSION = YES;
				CLANG_WARN_OBJC_IMPLICIT_RETAIN_SELF = YES;
				CLANG_WARN_OBJC_LITERAL_CONVERSION = YES;
				CLANG_WARN_OBJC_ROOT_CLASS = YES_ERROR;
				CLANG_WARN_QUOTED_INCLUDE_IN_FRAMEWORK_HEADER = YES;
				CLANG_WARN_RANGE_LOOP_ANALYSIS = YES;
				CLANG_WARN_STRICT_PROTOTYPES = YES;
				CLANG_WARN_SUSPICIOUS_MOVE = YES;
				CLANG_WARN_UNGUARDED_AVAILABILITY = YES_AGGRESSIVE;
				CLANG_WARN_UNREACHABLE_CODE = YES;
				CLANG_WARN__DUPLICATE_METHOD_MATCH = YES;
				COPY_PHASE_STRIP = NO;
				DEBUG_INFORMATION_FORMAT = dwarf;
				ENABLE_STRICT_OBJC_MSGSEND = YES;
				ENABLE_TESTABILITY = YES;
				ENABLE_USER_SCRIPT_SANDBOXING = YES;
				GCC_C_LANGUAGE_STANDARD = gnu17;
				GCC_DYNAMIC_NO_PIC = NO;
				GCC_NO_COMMON_BLOCKS = YES;
				GCC_OPTIMIZATION_LEVEL = 0;
				GCC_PREPROCESSOR_DEFINITIONS = (
					"DEBUG=1",
					"$(inherited)",
				);
				GCC_WARN_64_TO_32_BIT_CONVERSION = YES;
				GCC_WARN_ABOUT_RETURN_TYPE = YES_ERROR;
				GCC_WARN_UNDECLARED_SELECTOR = YES;
				GCC_WARN_UNINITIALIZED_AUTOS = YES_AGGRESSIVE;
				GCC_WARN_UNUSED_FUNCTION = YES;
				GCC_WARN_UNUSED_VARIABLE = YES;
				IPHONEOS_DEPLOYMENT_TARGET = 17.4;
				LOCALIZATION_PREFERS_STRING_CATALOGS = YES;
				MTL_ENABLE_DEBUG_INFO = INCLUDE_SOURCE;
				MTL_FAST_MATH = YES;
				ONLY_ACTIVE_ARCH = YES;
				SDKROOT = iphoneos;
				SWIFT_ACTIVE_COMPILATION_CONDITIONS = "DEBUG $(inherited)";
				SWIFT_OPTIMIZATION_LEVEL = "-Onone";
			};
			name = Debug;
		};
		3A3B7D3C2C50EFD00085474F /* Release */ = {
			isa = XCBuildConfiguration;
			buildSettings = {
				ALWAYS_SEARCH_USER_PATHS = NO;
				ASSETCATALOG_COMPILER_GENERATE_SWIFT_ASSET_SYMBOL_EXTENSIONS = YES;
				CLANG_ANALYZER_NONNULL = YES;
				CLANG_ANALYZER_NUMBER_OBJECT_CONVERSION = YES_AGGRESSIVE;
				CLANG_CXX_LANGUAGE_STANDARD = "gnu++20";
				CLANG_ENABLE_MODULES = YES;
				CLANG_ENABLE_OBJC_ARC = YES;
				CLANG_ENABLE_OBJC_WEAK = YES;
				CLANG_WARN_BLOCK_CAPTURE_AUTORELEASING = YES;
				CLANG_WARN_BOOL_CONVERSION = YES;
				CLANG_WARN_COMMA = YES;
				CLANG_WARN_CONSTANT_CONVERSION = YES;
				CLANG_WARN_DEPRECATED_OBJC_IMPLEMENTATIONS = YES;
				CLANG_WARN_DIRECT_OBJC_ISA_USAGE = YES_ERROR;
				CLANG_WARN_DOCUMENTATION_COMMENTS = YES;
				CLANG_WARN_EMPTY_BODY = YES;
				CLANG_WARN_ENUM_CONVERSION = YES;
				CLANG_WARN_INFINITE_RECURSION = YES;
				CLANG_WARN_INT_CONVERSION = YES;
				CLANG_WARN_NON_LITERAL_NULL_CONVERSION = YES;
				CLANG_WARN_OBJC_IMPLICIT_RETAIN_SELF = YES;
				CLANG_WARN_OBJC_LITERAL_CONVERSION = YES;
				CLANG_WARN_OBJC_ROOT_CLASS = YES_ERROR;
				CLANG_WARN_QUOTED_INCLUDE_IN_FRAMEWORK_HEADER = YES;
				CLANG_WARN_RANGE_LOOP_ANALYSIS = YES;
				CLANG_WARN_STRICT_PROTOTYPES = YES;
				CLANG_WARN_SUSPICIOUS_MOVE = YES;
				CLANG_WARN_UNGUARDED_AVAILABILITY = YES_AGGRESSIVE;
				CLANG_WARN_UNREACHABLE_CODE = YES;
				CLANG_WARN__DUPLICATE_METHOD_MATCH = YES;
				COPY_PHASE_STRIP = NO;
				DEBUG_INFORMATION_FORMAT = "dwarf-with-dsym";
				ENABLE_NS_ASSERTIONS = NO;
				ENABLE_STRICT_OBJC_MSGSEND = YES;
				ENABLE_USER_SCRIPT_SANDBOXING = YES;
				GCC_C_LANGUAGE_STANDARD = gnu17;
				GCC_NO_COMMON_BLOCKS = YES;
				GCC_WARN_64_TO_32_BIT_CONVERSION = YES;
				GCC_WARN_ABOUT_RETURN_TYPE = YES_ERROR;
				GCC_WARN_UNDECLARED_SELECTOR = YES;
				GCC_WARN_UNINITIALIZED_AUTOS = YES_AGGRESSIVE;
				GCC_WARN_UNUSED_FUNCTION = YES;
				GCC_WARN_UNUSED_VARIABLE = YES;
				IPHONEOS_DEPLOYMENT_TARGET = 17.4;
				LOCALIZATION_PREFERS_STRING_CATALOGS = YES;
				MTL_ENABLE_DEBUG_INFO = NO;
				MTL_FAST_MATH = YES;
				SDKROOT = iphoneos;
				SWIFT_COMPILATION_MODE = wholemodule;
				VALIDATE_PRODUCT = YES;
			};
			name = Release;
		};
		3A3B7D3E2C50EFD00085474F /* Debug */ = {
			isa = XCBuildConfiguration;
			buildSettings = {
				ASSETCATALOG_COMPILER_APPICON_NAME = AppIcon;
				ASSETCATALOG_COMPILER_GLOBAL_ACCENT_COLOR_NAME = AccentColor;
				CODE_SIGN_ENTITLEMENTS = LittleJohnApp/LittleJohnApp.entitlements;
				CODE_SIGN_STYLE = Automatic;
				CURRENT_PROJECT_VERSION = 1;
				DEVELOPMENT_ASSET_PATHS = "\"LittleJohnApp/Preview Content\"";
				DEVELOPMENT_TEAM = 63B33THBR2;
				ENABLE_PREVIEWS = YES;
				GENERATE_INFOPLIST_FILE = YES;
				INFOPLIST_FILE = LittleJohnApp/Info.plist;
				INFOPLIST_KEY_LSApplicationCategoryType = "";
				INFOPLIST_KEY_UIApplicationSceneManifest_Generation = YES;
				INFOPLIST_KEY_UIApplicationSupportsIndirectInputEvents = YES;
				INFOPLIST_KEY_UILaunchScreen_Generation = YES;
				INFOPLIST_KEY_UISupportedInterfaceOrientations_iPad = "UIInterfaceOrientationPortrait UIInterfaceOrientationPortraitUpsideDown UIInterfaceOrientationLandscapeLeft UIInterfaceOrientationLandscapeRight";
				INFOPLIST_KEY_UISupportedInterfaceOrientations_iPhone = "UIInterfaceOrientationPortrait UIInterfaceOrientationLandscapeLeft UIInterfaceOrientationLandscapeRight";
				IPHONEOS_DEPLOYMENT_TARGET = 17.0;
				LD_RUNPATH_SEARCH_PATHS = (
					"$(inherited)",
					"@executable_path/Frameworks",
				);
				MARKETING_VERSION = 1.0;
				PRODUCT_BUNDLE_IDENTIFIER = Ming.LittleJohnApp;
				PRODUCT_NAME = "$(TARGET_NAME)";
				SWIFT_EMIT_LOC_STRINGS = YES;
				SWIFT_VERSION = 5.0;
				TARGETED_DEVICE_FAMILY = "1,2";
			};
			name = Debug;
		};
		3A3B7D3F2C50EFD00085474F /* Release */ = {
			isa = XCBuildConfiguration;
			buildSettings = {
				ASSETCATALOG_COMPILER_APPICON_NAME = AppIcon;
				ASSETCATALOG_COMPILER_GLOBAL_ACCENT_COLOR_NAME = AccentColor;
				CODE_SIGN_ENTITLEMENTS = LittleJohnApp/LittleJohnApp.entitlements;
				CODE_SIGN_STYLE = Automatic;
				CURRENT_PROJECT_VERSION = 1;
				DEVELOPMENT_ASSET_PATHS = "\"LittleJohnApp/Preview Content\"";
				DEVELOPMENT_TEAM = 63B33THBR2;
				ENABLE_PREVIEWS = YES;
				GENERATE_INFOPLIST_FILE = YES;
				INFOPLIST_FILE = LittleJohnApp/Info.plist;
				INFOPLIST_KEY_LSApplicationCategoryType = "";
				INFOPLIST_KEY_UIApplicationSceneManifest_Generation = YES;
				INFOPLIST_KEY_UIApplicationSupportsIndirectInputEvents = YES;
				INFOPLIST_KEY_UILaunchScreen_Generation = YES;
				INFOPLIST_KEY_UISupportedInterfaceOrientations_iPad = "UIInterfaceOrientationPortrait UIInterfaceOrientationPortraitUpsideDown UIInterfaceOrientationLandscapeLeft UIInterfaceOrientationLandscapeRight";
				INFOPLIST_KEY_UISupportedInterfaceOrientations_iPhone = "UIInterfaceOrientationPortrait UIInterfaceOrientationLandscapeLeft UIInterfaceOrientationLandscapeRight";
				IPHONEOS_DEPLOYMENT_TARGET = 17.0;
				LD_RUNPATH_SEARCH_PATHS = (
					"$(inherited)",
					"@executable_path/Frameworks",
				);
				MARKETING_VERSION = 1.0;
				PRODUCT_BUNDLE_IDENTIFIER = Ming.LittleJohnApp;
				PRODUCT_NAME = "$(TARGET_NAME)";
				SWIFT_EMIT_LOC_STRINGS = YES;
				SWIFT_VERSION = 5.0;
				TARGETED_DEVICE_FAMILY = "1,2";
			};
			name = Release;
		};
/* End XCBuildConfiguration section */

/* Begin XCConfigurationList section */
		3A3B7D2A2C50EFCF0085474F /* Build configuration list for PBXProject "LittleJohnApp" */ = {
			isa = XCConfigurationList;
			buildConfigurations = (
				3A3B7D3B2C50EFD00085474F /* Debug */,
				3A3B7D3C2C50EFD00085474F /* Release */,
			);
			defaultConfigurationIsVisible = 0;
			defaultConfigurationName = Release;
		};
		3A3B7D3D2C50EFD00085474F /* Build configuration list for PBXNativeTarget "LittleJohnApp" */ = {
			isa = XCConfigurationList;
			buildConfigurations = (
				3A3B7D3E2C50EFD00085474F /* Debug */,
				3A3B7D3F2C50EFD00085474F /* Release */,
			);
			defaultConfigurationIsVisible = 0;
			defaultConfigurationName = Release;
		};
/* End XCConfigurationList section */
	};
	rootObject = 3A3B7D272C50EFCF0085474F /* Project object */;
}
